
Microsoft Visual Studio Solution File, Format Version 12.00
# Visual Studio Version 17
VisualStudioVersion = 17.1.32228.430
MinimumVisualStudioVersion = 10.0.40219.1
Project("{8BC9CEB8-8B4A-11D0-8D11-00A0C91BC942}") = "x64_vs2019_basic_opencl_test", "x64_vs2019_basic_opencl_test\x64_vs2019_basic_opencl_test.vcxproj", "{EBCC4E69-5441-4670-94B2-9D4B2C5993F9}"
EndProject
Global
	GlobalSection(SolutionConfigurationPlatforms) = preSolution
		Debug|x64 = Debug|x64
		Debug|x86 = Debug|x86
		Release|x64 = Release|x64
		Release|x86 = Release|x86
	EndGlobalSection
	GlobalSection(ProjectConfigurationPlatforms) = postSolution
		{EBCC4E69-5441-4670-94B2-9D4B2C5993F9}.Debug|x64.ActiveCfg = Debug|x64
		{EBCC4E69-5441-4670-94B2-9D4B2C5993F9}.Debug|x64.Build.0 = Debug|x64
		{EBCC4E69-5441-4670-94B2-9D4B2C5993F9}.Debug|x86.ActiveCfg = Debug|Win32
		{EBCC4E69-5441-4670-94B2-9D4B2C5993F9}.Debug|x86.Build.0 = Debug|Win32
		{EBCC4E69-5441-4670-94B2-9D4B2C5993F9}.Release|x64.ActiveCfg = Release|x64
		{EBCC4E69-5441-4670-94B2-9D4B2C5993F9}.Release|x64.Build.0 = Release|x64
		{EBCC4E69-5441-4670-94B2-9D4B2C5993F9}.Release|x86.ActiveCfg = Release|Win32
		{EBCC4E69-5441-4670-94B2-9D4B2C5993F9}.Release|x86.Build.0 = Release|Win32
	EndGlobalSection
	GlobalSection(SolutionProperties) = preSolution
		HideSolutionNode = FALSE
	EndGlobalSection
	GlobalSection(ExtensibilityGlobals) = postSolution
		SolutionGuid = {968B2CCA-8BA0-44C6-8C32-9D3AE4845C1E}
	EndGlobalSection
EndGlobal
